// !$*UTF8*$!
{
	archiveVersion = 1;
	classes = {
	};
	objectVersion = 56;
	objects = {

/* Begin PBXBuildFile section */
		84137F812CC7650800F8A30E /* NetworkService.swift in Sources */ = {isa = PBXBuildFile; fileRef = 84137F802CC7650800F8A30E /* NetworkService.swift */; };
		84137F862CC7AAE800F8A30E /* MockNetworkService.swift in Sources */ = {isa = PBXBuildFile; fileRef = 84137F822CC771BD00F8A30E /* MockNetworkService.swift */; };
		84675C352CBF710000A880FA /* Constants.swift in Sources */ = {isa = PBXBuildFile; fileRef = 84675C342CBF710000A880FA /* Constants.swift */; };
		84675C372CC0001F00A880FA /* ProductViewModelTests.swift in Sources */ = {isa = PBXBuildFile; fileRef = 84675C362CC0001F00A880FA /* ProductViewModelTests.swift */; };
		84675C3A2CC0079000A880FA /* ProductDetailView.swift in Sources */ = {isa = PBXBuildFile; fileRef = 84675C392CC0079000A880FA /* ProductDetailView.swift */; };
		8484E8212CBEA758004243F9 /* LLoydsTaskApp.swift in Sources */ = {isa = PBXBuildFile; fileRef = 8484E8202CBEA758004243F9 /* LLoydsTaskApp.swift */; };
		8484E8232CBEA758004243F9 /* ContentView.swift in Sources */ = {isa = PBXBuildFile; fileRef = 8484E8222CBEA758004243F9 /* ContentView.swift */; };
		8484E8252CBEA75A004243F9 /* Assets.xcassets in Resources */ = {isa = PBXBuildFile; fileRef = 8484E8242CBEA75A004243F9 /* Assets.xcassets */; };
		8484E8282CBEA75A004243F9 /* Preview Assets.xcassets in Resources */ = {isa = PBXBuildFile; fileRef = 8484E8272CBEA75A004243F9 /* Preview Assets.xcassets */; };
		8484E83C2CBEA75A004243F9 /* LLoydsTaskUITests.swift in Sources */ = {isa = PBXBuildFile; fileRef = 8484E83B2CBEA75A004243F9 /* LLoydsTaskUITests.swift */; };
		8484E83E2CBEA75A004243F9 /* LLoydsTaskUITestsLaunchTests.swift in Sources */ = {isa = PBXBuildFile; fileRef = 8484E83D2CBEA75A004243F9 /* LLoydsTaskUITestsLaunchTests.swift */; };
		8484E84C2CBEA7F9004243F9 /* ProductModel.swift in Sources */ = {isa = PBXBuildFile; fileRef = 8484E84B2CBEA7F9004243F9 /* ProductModel.swift */; };
		8484E84F2CBEA93E004243F9 /* ProductViewModel.swift in Sources */ = {isa = PBXBuildFile; fileRef = 8484E84E2CBEA93E004243F9 /* ProductViewModel.swift */; };
/* End PBXBuildFile section */

/* Begin PBXContainerItemProxy section */
		8484E82E2CBEA75A004243F9 /* PBXContainerItemProxy */ = {
			isa = PBXContainerItemProxy;
			containerPortal = 8484E8152CBEA758004243F9 /* Project object */;
			proxyType = 1;
			remoteGlobalIDString = 8484E81C2CBEA758004243F9;
			remoteInfo = LLoydsTask;
		};
		8484E8382CBEA75A004243F9 /* PBXContainerItemProxy */ = {
			isa = PBXContainerItemProxy;
			containerPortal = 8484E8152CBEA758004243F9 /* Project object */;
			proxyType = 1;
			remoteGlobalIDString = 8484E81C2CBEA758004243F9;
			remoteInfo = LLoydsTask;
		};
/* End PBXContainerItemProxy section */

/* Begin PBXFileReference section */
		84137F802CC7650800F8A30E /* NetworkService.swift */ = {isa = PBXFileReference; lastKnownFileType = sourcecode.swift; path = NetworkService.swift; sourceTree = "<group>"; };
		84137F822CC771BD00F8A30E /* MockNetworkService.swift */ = {isa = PBXFileReference; lastKnownFileType = sourcecode.swift; path = MockNetworkService.swift; sourceTree = "<group>"; };
		84675C342CBF710000A880FA /* Constants.swift */ = {isa = PBXFileReference; lastKnownFileType = sourcecode.swift; path = Constants.swift; sourceTree = "<group>"; };
		84675C362CC0001F00A880FA /* ProductViewModelTests.swift */ = {isa = PBXFileReference; lastKnownFileType = sourcecode.swift; path = ProductViewModelTests.swift; sourceTree = "<group>"; };
		84675C392CC0079000A880FA /* ProductDetailView.swift */ = {isa = PBXFileReference; lastKnownFileType = sourcecode.swift; path = ProductDetailView.swift; sourceTree = "<group>"; };
		8484E81D2CBEA758004243F9 /* LLoydsTask.app */ = {isa = PBXFileReference; explicitFileType = wrapper.application; includeInIndex = 0; path = LLoydsTask.app; sourceTree = BUILT_PRODUCTS_DIR; };
		8484E8202CBEA758004243F9 /* LLoydsTaskApp.swift */ = {isa = PBXFileReference; lastKnownFileType = sourcecode.swift; path = LLoydsTaskApp.swift; sourceTree = "<group>"; };
		8484E8222CBEA758004243F9 /* ContentView.swift */ = {isa = PBXFileReference; lastKnownFileType = sourcecode.swift; path = ContentView.swift; sourceTree = "<group>"; };
		8484E8242CBEA75A004243F9 /* Assets.xcassets */ = {isa = PBXFileReference; lastKnownFileType = folder.assetcatalog; path = Assets.xcassets; sourceTree = "<group>"; };
		8484E8272CBEA75A004243F9 /* Preview Assets.xcassets */ = {isa = PBXFileReference; lastKnownFileType = folder.assetcatalog; path = "Preview Assets.xcassets"; sourceTree = "<group>"; };
		8484E82D2CBEA75A004243F9 /* LLoydsTaskTests.xctest */ = {isa = PBXFileReference; explicitFileType = wrapper.cfbundle; includeInIndex = 0; path = LLoydsTaskTests.xctest; sourceTree = BUILT_PRODUCTS_DIR; };
		8484E8372CBEA75A004243F9 /* LLoydsTaskUITests.xctest */ = {isa = PBXFileReference; explicitFileType = wrapper.cfbundle; includeInIndex = 0; path = LLoydsTaskUITests.xctest; sourceTree = BUILT_PRODUCTS_DIR; };
		8484E83B2CBEA75A004243F9 /* LLoydsTaskUITests.swift */ = {isa = PBXFileReference; lastKnownFileType = sourcecode.swift; path = LLoydsTaskUITests.swift; sourceTree = "<group>"; };
		8484E83D2CBEA75A004243F9 /* LLoydsTaskUITestsLaunchTests.swift */ = {isa = PBXFileReference; lastKnownFileType = sourcecode.swift; path = LLoydsTaskUITestsLaunchTests.swift; sourceTree = "<group>"; };
		8484E84B2CBEA7F9004243F9 /* ProductModel.swift */ = {isa = PBXFileReference; lastKnownFileType = sourcecode.swift; path = ProductModel.swift; sourceTree = "<group>"; };
		8484E84E2CBEA93E004243F9 /* ProductViewModel.swift */ = {isa = PBXFileReference; lastKnownFileType = sourcecode.swift; path = ProductViewModel.swift; sourceTree = "<group>"; };
/* End PBXFileReference section */

/* Begin PBXFrameworksBuildPhase section */
		8484E81A2CBEA758004243F9 /* Frameworks */ = {
			isa = PBXFrameworksBuildPhase;
			buildActionMask = 2147483647;
			files = (
			);
			runOnlyForDeploymentPostprocessing = 0;
		};
		8484E82A2CBEA75A004243F9 /* Frameworks */ = {
			isa = PBXFrameworksBuildPhase;
			buildActionMask = 2147483647;
			files = (
			);
			runOnlyForDeploymentPostprocessing = 0;
		};
		8484E8342CBEA75A004243F9 /* Frameworks */ = {
			isa = PBXFrameworksBuildPhase;
			buildActionMask = 2147483647;
			files = (
			);
			runOnlyForDeploymentPostprocessing = 0;
		};
/* End PBXFrameworksBuildPhase section */

/* Begin PBXGroup section */
		84137F7F2CC764D500F8A30E /* Service Layer */ = {
			isa = PBXGroup;
			children = (
				84137F802CC7650800F8A30E /* NetworkService.swift */,
				84137F822CC771BD00F8A30E /* MockNetworkService.swift */,
			);
			path = "Service Layer";
			sourceTree = "<group>";
		};
		84675C312CBF704100A880FA /* View */ = {
			isa = PBXGroup;
			children = (
				8484E8222CBEA758004243F9 /* ContentView.swift */,
				84675C392CC0079000A880FA /* ProductDetailView.swift */,
			);
			path = View;
			sourceTree = "<group>";
		};
		84675C322CBF70AA00A880FA /* Core */ = {
			isa = PBXGroup;
			children = (
				84675C332CBF70BB00A880FA /* Constants */,
			);
			path = Core;
			sourceTree = "<group>";
		};
		84675C332CBF70BB00A880FA /* Constants */ = {
			isa = PBXGroup;
			children = (
				84675C342CBF710000A880FA /* Constants.swift */,
			);
			path = Constants;
			sourceTree = "<group>";
		};
		84675C382CC0053900A880FA /* TestCases */ = {
			isa = PBXGroup;
			children = (
				84675C362CC0001F00A880FA /* ProductViewModelTests.swift */,
			);
			path = TestCases;
			sourceTree = "<group>";
		};
		8484E8142CBEA758004243F9 = {
			isa = PBXGroup;
			children = (
				8484E81F2CBEA758004243F9 /* LLoydsTask */,
				8484E8302CBEA75A004243F9 /* LLoydsTaskTests */,
				8484E83A2CBEA75A004243F9 /* LLoydsTaskUITests */,
				8484E81E2CBEA758004243F9 /* Products */,
			);
			sourceTree = "<group>";
		};
		8484E81E2CBEA758004243F9 /* Products */ = {
			isa = PBXGroup;
			children = (
				8484E81D2CBEA758004243F9 /* LLoydsTask.app */,
				8484E82D2CBEA75A004243F9 /* LLoydsTaskTests.xctest */,
				8484E8372CBEA75A004243F9 /* LLoydsTaskUITests.xctest */,
			);
			name = Products;
			sourceTree = "<group>";
		};
		8484E81F2CBEA758004243F9 /* LLoydsTask */ = {
			isa = PBXGroup;
			children = (
				8484E8202CBEA758004243F9 /* LLoydsTaskApp.swift */,
				84137F7F2CC764D500F8A30E /* Service Layer */,
				84675C322CBF70AA00A880FA /* Core */,
				8484E84A2CBEA781004243F9 /* Model */,
				84675C312CBF704100A880FA /* View */,
				8484E84D2CBEA90B004243F9 /* ViewModel */,
				8484E8242CBEA75A004243F9 /* Assets.xcassets */,
				8484E8262CBEA75A004243F9 /* Preview Content */,
			);
			path = LLoydsTask;
			sourceTree = "<group>";
		};
		8484E8262CBEA75A004243F9 /* Preview Content */ = {
			isa = PBXGroup;
			children = (
				8484E8272CBEA75A004243F9 /* Preview Assets.xcassets */,
			);
			path = "Preview Content";
			sourceTree = "<group>";
		};
		8484E8302CBEA75A004243F9 /* LLoydsTaskTests */ = {
			isa = PBXGroup;
			children = (
				84675C382CC0053900A880FA /* TestCases */,
			);
			path = LLoydsTaskTests;
			sourceTree = "<group>";
		};
		8484E83A2CBEA75A004243F9 /* LLoydsTaskUITests */ = {
			isa = PBXGroup;
			children = (
				8484E83B2CBEA75A004243F9 /* LLoydsTaskUITests.swift */,
				8484E83D2CBEA75A004243F9 /* LLoydsTaskUITestsLaunchTests.swift */,
			);
			path = LLoydsTaskUITests;
			sourceTree = "<group>";
		};
		8484E84A2CBEA781004243F9 /* Model */ = {
			isa = PBXGroup;
			children = (
				8484E84B2CBEA7F9004243F9 /* ProductModel.swift */,
			);
			path = Model;
			sourceTree = "<group>";
		};
		8484E84D2CBEA90B004243F9 /* ViewModel */ = {
			isa = PBXGroup;
			children = (
				8484E84E2CBEA93E004243F9 /* ProductViewModel.swift */,
			);
			path = ViewModel;
			sourceTree = "<group>";
		};
/* End PBXGroup section */

/* Begin PBXNativeTarget section */
		8484E81C2CBEA758004243F9 /* LLoydsTask */ = {
			isa = PBXNativeTarget;
			buildConfigurationList = 8484E8412CBEA75A004243F9 /* Build configuration list for PBXNativeTarget "LLoydsTask" */;
			buildPhases = (
				8484E8192CBEA758004243F9 /* Sources */,
				8484E81A2CBEA758004243F9 /* Frameworks */,
				8484E81B2CBEA758004243F9 /* Resources */,
			);
			buildRules = (
			);
			dependencies = (
			);
			name = LLoydsTask;
			productName = LLoydsTask;
			productReference = 8484E81D2CBEA758004243F9 /* LLoydsTask.app */;
			productType = "com.apple.product-type.application";
		};
		8484E82C2CBEA75A004243F9 /* LLoydsTaskTests */ = {
			isa = PBXNativeTarget;
			buildConfigurationList = 8484E8442CBEA75A004243F9 /* Build configuration list for PBXNativeTarget "LLoydsTaskTests" */;
			buildPhases = (
				8484E8292CBEA75A004243F9 /* Sources */,
				8484E82A2CBEA75A004243F9 /* Frameworks */,
				8484E82B2CBEA75A004243F9 /* Resources */,
			);
			buildRules = (
			);
			dependencies = (
				8484E82F2CBEA75A004243F9 /* PBXTargetDependency */,
			);
			name = LLoydsTaskTests;
			productName = LLoydsTaskTests;
			productReference = 8484E82D2CBEA75A004243F9 /* LLoydsTaskTests.xctest */;
			productType = "com.apple.product-type.bundle.unit-test";
		};
		8484E8362CBEA75A004243F9 /* LLoydsTaskUITests */ = {
			isa = PBXNativeTarget;
			buildConfigurationList = 8484E8472CBEA75A004243F9 /* Build configuration list for PBXNativeTarget "LLoydsTaskUITests" */;
			buildPhases = (
				8484E8332CBEA75A004243F9 /* Sources */,
				8484E8342CBEA75A004243F9 /* Frameworks */,
				8484E8352CBEA75A004243F9 /* Resources */,
			);
			buildRules = (
			);
			dependencies = (
				8484E8392CBEA75A004243F9 /* PBXTargetDependency */,
			);
			name = LLoydsTaskUITests;
			productName = LLoydsTaskUITests;
			productReference = 8484E8372CBEA75A004243F9 /* LLoydsTaskUITests.xctest */;
			productType = "com.apple.product-type.bundle.ui-testing";
		};
/* End PBXNativeTarget section */

/* Begin PBXProject section */
		8484E8152CBEA758004243F9 /* Project object */ = {
			isa = PBXProject;
			attributes = {
				BuildIndependentTargetsInParallel = 1;
				LastSwiftUpdateCheck = 1530;
				LastUpgradeCheck = 1530;
				TargetAttributes = {
					8484E81C2CBEA758004243F9 = {
						CreatedOnToolsVersion = 15.3;
					};
					8484E82C2CBEA75A004243F9 = {
						CreatedOnToolsVersion = 15.3;
						TestTargetID = 8484E81C2CBEA758004243F9;
					};
					8484E8362CBEA75A004243F9 = {
						CreatedOnToolsVersion = 15.3;
						TestTargetID = 8484E81C2CBEA758004243F9;
					};
				};
			};
			buildConfigurationList = 8484E8182CBEA758004243F9 /* Build configuration list for PBXProject "LLoydsTask" */;
			compatibilityVersion = "Xcode 14.0";
			developmentRegion = en;
			hasScannedForEncodings = 0;
			knownRegions = (
				en,
				Base,
			);
			mainGroup = 8484E8142CBEA758004243F9;
			productRefGroup = 8484E81E2CBEA758004243F9 /* Products */;
			projectDirPath = "";
			projectRoot = "";
			targets = (
				8484E81C2CBEA758004243F9 /* LLoydsTask */,
				8484E82C2CBEA75A004243F9 /* LLoydsTaskTests */,
				8484E8362CBEA75A004243F9 /* LLoydsTaskUITests */,
			);
		};
/* End PBXProject section */

/* Begin PBXResourcesBuildPhase section */
		8484E81B2CBEA758004243F9 /* Resources */ = {
			isa = PBXResourcesBuildPhase;
			buildActionMask = 2147483647;
			files = (
				8484E8282CBEA75A004243F9 /* Preview Assets.xcassets in Resources */,
				8484E8252CBEA75A004243F9 /* Assets.xcassets in Resources */,
			);
			runOnlyForDeploymentPostprocessing = 0;
		};
		8484E82B2CBEA75A004243F9 /* Resources */ = {
			isa = PBXResourcesBuildPhase;
			buildActionMask = 2147483647;
			files = (
			);
			runOnlyForDeploymentPostprocessing = 0;
		};
		8484E8352CBEA75A004243F9 /* Resources */ = {
			isa = PBXResourcesBuildPhase;
			buildActionMask = 2147483647;
			files = (
			);
			runOnlyForDeploymentPostprocessing = 0;
		};
/* End PBXResourcesBuildPhase section */

/* Begin PBXSourcesBuildPhase section */
		8484E8192CBEA758004243F9 /* Sources */ = {
			isa = PBXSourcesBuildPhase;
			buildActionMask = 2147483647;
			files = (
				84137F862CC7AAE800F8A30E /* MockNetworkService.swift in Sources */,
				84675C352CBF710000A880FA /* Constants.swift in Sources */,
				84137F812CC7650800F8A30E /* NetworkService.swift in Sources */,
				8484E84F2CBEA93E004243F9 /* ProductViewModel.swift in Sources */,
				8484E8232CBEA758004243F9 /* ContentView.swift in Sources */,
				8484E8212CBEA758004243F9 /* LLoydsTaskApp.swift in Sources */,
				8484E84C2CBEA7F9004243F9 /* ProductModel.swift in Sources */,
				84675C3A2CC0079000A880FA /* ProductDetailView.swift in Sources */,
			);
			runOnlyForDeploymentPostprocessing = 0;
		};
		8484E8292CBEA75A004243F9 /* Sources */ = {
			isa = PBXSourcesBuildPhase;
			buildActionMask = 2147483647;
			files = (
				84675C372CC0001F00A880FA /* ProductViewModelTests.swift in Sources */,
			);
			runOnlyForDeploymentPostprocessing = 0;
		};
		8484E8332CBEA75A004243F9 /* Sources */ = {
			isa = PBXSourcesBuildPhase;
			buildActionMask = 2147483647;
			files = (
				8484E83E2CBEA75A004243F9 /* LLoydsTaskUITestsLaunchTests.swift in Sources */,
				8484E83C2CBEA75A004243F9 /* LLoydsTaskUITests.swift in Sources */,
			);
			runOnlyForDeploymentPostprocessing = 0;
		};
/* End PBXSourcesBuildPhase section */

/* Begin PBXTargetDependency section */
		8484E82F2CBEA75A004243F9 /* PBXTargetDependency */ = {
			isa = PBXTargetDependency;
			target = 8484E81C2CBEA758004243F9 /* LLoydsTask */;
			targetProxy = 8484E82E2CBEA75A004243F9 /* PBXContainerItemProxy */;
		};
		8484E8392CBEA75A004243F9 /* PBXTargetDependency */ = {
			isa = PBXTargetDependency;
			target = 8484E81C2CBEA758004243F9 /* LLoydsTask */;
			targetProxy = 8484E8382CBEA75A004243F9 /* PBXContainerItemProxy */;
		};
/* End PBXTargetDependency section */

/* Begin XCBuildConfiguration section */
		8484E83F2CBEA75A004243F9 /* Debug */ = {
			isa = XCBuildConfiguration;
			buildSettings = {
				ALWAYS_SEARCH_USER_PATHS = NO;
				ASSETCATALOG_COMPILER_GENERATE_SWIFT_ASSET_SYMBOL_EXTENSIONS = YES;
				CLANG_ANALYZER_NONNULL = YES;
				CLANG_ANALYZER_NUMBER_OBJECT_CONVERSION = YES_AGGRESSIVE;
				CLANG_CXX_LANGUAGE_STANDARD = "gnu++20";
				CLANG_ENABLE_MODULES = YES;
				CLANG_ENABLE_OBJC_ARC = YES;
				CLANG_ENABLE_OBJC_WEAK = YES;
				CLANG_WARN_BLOCK_CAPTURE_AUTORELEASING = YES;
				CLANG_WARN_BOOL_CONVERSION = YES;
				CLANG_WARN_COMMA = YES;
				CLANG_WARN_CONSTANT_CONVERSION = YES;
				CLANG_WARN_DEPRECATED_OBJC_IMPLEMENTATIONS = YES;
				CLANG_WARN_DIRECT_OBJC_ISA_USAGE = YES_ERROR;
				CLANG_WARN_DOCUMENTATION_COMMENTS = YES;
				CLANG_WARN_EMPTY_BODY = YES;
				CLANG_WARN_ENUM_CONVERSION = YES;
				CLANG_WARN_INFINITE_RECURSION = YES;
				CLANG_WARN_INT_CONVERSION = YES;
				CLANG_WARN_NON_LITERAL_NULL_CONVERSION = YES;
				CLANG_WARN_OBJC_IMPLICIT_RETAIN_SELF = YES;
				CLANG_WARN_OBJC_LITERAL_CONVERSION = YES;
				CLANG_WARN_OBJC_ROOT_CLASS = YES_ERROR;
				CLANG_WARN_QUOTED_INCLUDE_IN_FRAMEWORK_HEADER = YES;
				CLANG_WARN_RANGE_LOOP_ANALYSIS = YES;
				CLANG_WARN_STRICT_PROTOTYPES = YES;
				CLANG_WARN_SUSPICIOUS_MOVE = YES;
				CLANG_WARN_UNGUARDED_AVAILABILITY = YES_AGGRESSIVE;
				CLANG_WARN_UNREACHABLE_CODE = YES;
				CLANG_WARN__DUPLICATE_METHOD_MATCH = YES;
				COPY_PHASE_STRIP = NO;
				DEBUG_INFORMATION_FORMAT = dwarf;
				ENABLE_STRICT_OBJC_MSGSEND = YES;
				ENABLE_TESTABILITY = YES;
				ENABLE_USER_SCRIPT_SANDBOXING = YES;
				GCC_C_LANGUAGE_STANDARD = gnu17;
				GCC_DYNAMIC_NO_PIC = NO;
				GCC_NO_COMMON_BLOCKS = YES;
				GCC_OPTIMIZATION_LEVEL = 0;
				GCC_PREPROCESSOR_DEFINITIONS = (
					"DEBUG=1",
					"$(inherited)",
				);
				GCC_WARN_64_TO_32_BIT_CONVERSION = YES;
				GCC_WARN_ABOUT_RETURN_TYPE = YES_ERROR;
				GCC_WARN_UNDECLARED_SELECTOR = YES;
				GCC_WARN_UNINITIALIZED_AUTOS = YES_AGGRESSIVE;
				GCC_WARN_UNUSED_FUNCTION = YES;
				GCC_WARN_UNUSED_VARIABLE = YES;
				IPHONEOS_DEPLOYMENT_TARGET = 17.4;
				LOCALIZATION_PREFERS_STRING_CATALOGS = YES;
				MTL_ENABLE_DEBUG_INFO = INCLUDE_SOURCE;
				MTL_FAST_MATH = YES;
				ONLY_ACTIVE_ARCH = YES;
				SDKROOT = iphoneos;
				SWIFT_ACTIVE_COMPILATION_CONDITIONS = "DEBUG $(inherited)";
				SWIFT_OPTIMIZATION_LEVEL = "-Onone";
			};
			name = Debug;
		};
		8484E8402CBEA75A004243F9 /* Release */ = {
			isa = XCBuildConfiguration;
			buildSettings = {
				ALWAYS_SEARCH_USER_PATHS = NO;
				ASSETCATALOG_COMPILER_GENERATE_SWIFT_ASSET_SYMBOL_EXTENSIONS = YES;
				CLANG_ANALYZER_NONNULL = YES;
				CLANG_ANALYZER_NUMBER_OBJECT_CONVERSION = YES_AGGRESSIVE;
				CLANG_CXX_LANGUAGE_STANDARD = "gnu++20";
				CLANG_ENABLE_MODULES = YES;
				CLANG_ENABLE_OBJC_ARC = YES;
				CLANG_ENABLE_OBJC_WEAK = YES;
				CLANG_WARN_BLOCK_CAPTURE_AUTORELEASING = YES;
				CLANG_WARN_BOOL_CONVERSION = YES;
				CLANG_WARN_COMMA = YES;
				CLANG_WARN_CONSTANT_CONVERSION = YES;
				CLANG_WARN_DEPRECATED_OBJC_IMPLEMENTATIONS = YES;
				CLANG_WARN_DIRECT_OBJC_ISA_USAGE = YES_ERROR;
				CLANG_WARN_DOCUMENTATION_COMMENTS = YES;
				CLANG_WARN_EMPTY_BODY = YES;
				CLANG_WARN_ENUM_CONVERSION = YES;
				CLANG_WARN_INFINITE_RECURSION = YES;
				CLANG_WARN_INT_CONVERSION = YES;
				CLANG_WARN_NON_LITERAL_NULL_CONVERSION = YES;
				CLANG_WARN_OBJC_IMPLICIT_RETAIN_SELF = YES;
				CLANG_WARN_OBJC_LITERAL_CONVERSION = YES;
				CLANG_WARN_OBJC_ROOT_CLASS = YES_ERROR;
				CLANG_WARN_QUOTED_INCLUDE_IN_FRAMEWORK_HEADER = YES;
				CLANG_WARN_RANGE_LOOP_ANALYSIS = YES;
				CLANG_WARN_STRICT_PROTOTYPES = YES;
				CLANG_WARN_SUSPICIOUS_MOVE = YES;
				CLANG_WARN_UNGUARDED_AVAILABILITY = YES_AGGRESSIVE;
				CLANG_WARN_UNREACHABLE_CODE = YES;
				CLANG_WARN__DUPLICATE_METHOD_MATCH = YES;
				COPY_PHASE_STRIP = NO;
				DEBUG_INFORMATION_FORMAT = "dwarf-with-dsym";
				ENABLE_NS_ASSERTIONS = NO;
				ENABLE_STRICT_OBJC_MSGSEND = YES;
				ENABLE_USER_SCRIPT_SANDBOXING = YES;
				GCC_C_LANGUAGE_STANDARD = gnu17;
				GCC_NO_COMMON_BLOCKS = YES;
				GCC_WARN_64_TO_32_BIT_CONVERSION = YES;
				GCC_WARN_ABOUT_RETURN_TYPE = YES_ERROR;
				GCC_WARN_UNDECLARED_SELECTOR = YES;
				GCC_WARN_UNINITIALIZED_AUTOS = YES_AGGRESSIVE;
				GCC_WARN_UNUSED_FUNCTION = YES;
				GCC_WARN_UNUSED_VARIABLE = YES;
				IPHONEOS_DEPLOYMENT_TARGET = 17.4;
				LOCALIZATION_PREFERS_STRING_CATALOGS = YES;
				MTL_ENABLE_DEBUG_INFO = NO;
				MTL_FAST_MATH = YES;
				SDKROOT = iphoneos;
				SWIFT_COMPILATION_MODE = wholemodule;
				VALIDATE_PRODUCT = YES;
			};
			name = Release;
		};
		8484E8422CBEA75A004243F9 /* Debug */ = {
			isa = XCBuildConfiguration;
			buildSettings = {
				ASSETCATALOG_COMPILER_APPICON_NAME = AppIcon;
				ASSETCATALOG_COMPILER_GLOBAL_ACCENT_COLOR_NAME = AccentColor;
				CODE_SIGN_STYLE = Automatic;
				CURRENT_PROJECT_VERSION = 1;
				DEVELOPMENT_ASSET_PATHS = "\"LLoydsTask/Preview Content\"";
				ENABLE_PREVIEWS = YES;
				GENERATE_INFOPLIST_FILE = YES;
				INFOPLIST_KEY_UIApplicationSceneManifest_Generation = YES;
				INFOPLIST_KEY_UIApplicationSupportsIndirectInputEvents = YES;
				INFOPLIST_KEY_UILaunchScreen_Generation = YES;
				INFOPLIST_KEY_UISupportedInterfaceOrientations_iPad = "UIInterfaceOrientationPortrait UIInterfaceOrientationPortraitUpsideDown UIInterfaceOrientationLandscapeLeft UIInterfaceOrientationLandscapeRight";
				INFOPLIST_KEY_UISupportedInterfaceOrientations_iPhone = "UIInterfaceOrientationPortrait UIInterfaceOrientationLandscapeLeft UIInterfaceOrientationLandscapeRight";
				LD_RUNPATH_SEARCH_PATHS = (
					"$(inherited)",
					"@executable_path/Frameworks",
				);
				MARKETING_VERSION = 1.0;
				PRODUCT_BUNDLE_IDENTIFIER = com..LLoydsTask;
				PRODUCT_NAME = "$(TARGET_NAME)";
				SWIFT_EMIT_LOC_STRINGS = YES;
				SWIFT_VERSION = 5.0;
				TARGETED_DEVICE_FAMILY = "1,2";
			};
			name = Debug;
		};
		8484E8432CBEA75A004243F9 /* Release */ = {
			isa = XCBuildConfiguration;
			buildSettings = {
				ASSETCATALOG_COMPILER_APPICON_NAME = AppIcon;
				ASSETCATALOG_COMPILER_GLOBAL_ACCENT_COLOR_NAME = AccentColor;
				CODE_SIGN_STYLE = Automatic;
				CURRENT_PROJECT_VERSION = 1;
				DEVELOPMENT_ASSET_PATHS = "\"LLoydsTask/Preview Content\"";
				ENABLE_PREVIEWS = YES;
				GENERATE_INFOPLIST_FILE = YES;
				INFOPLIST_KEY_UIApplicationSceneManifest_Generation = YES;
				INFOPLIST_KEY_UIApplicationSupportsIndirectInputEvents = YES;
				INFOPLIST_KEY_UILaunchScreen_Generation = YES;
				INFOPLIST_KEY_UISupportedInterfaceOrientations_iPad = "UIInterfaceOrientationPortrait UIInterfaceOrientationPortraitUpsideDown UIInterfaceOrientationLandscapeLeft UIInterfaceOrientationLandscapeRight";
				INFOPLIST_KEY_UISupportedInterfaceOrientations_iPhone = "UIInterfaceOrientationPortrait UIInterfaceOrientationLandscapeLeft UIInterfaceOrientationLandscapeRight";
				LD_RUNPATH_SEARCH_PATHS = (
					"$(inherited)",
					"@executable_path/Frameworks",
				);
				MARKETING_VERSION = 1.0;
				PRODUCT_BUNDLE_IDENTIFIER = com..LLoydsTask;
				PRODUCT_NAME = "$(TARGET_NAME)";
				SWIFT_EMIT_LOC_STRINGS = YES;
				SWIFT_VERSION = 5.0;
				TARGETED_DEVICE_FAMILY = "1,2";
			};
			name = Release;
		};
		8484E8452CBEA75A004243F9 /* Debug */ = {
			isa = XCBuildConfiguration;
			buildSettings = {
				ALWAYS_EMBED_SWIFT_STANDARD_LIBRARIES = YES;
				BUNDLE_LOADER = "$(TEST_HOST)";
				CODE_SIGN_STYLE = Automatic;
				CURRENT_PROJECT_VERSION = 1;
				GENERATE_INFOPLIST_FILE = YES;
				IPHONEOS_DEPLOYMENT_TARGET = 17.4;
				MARKETING_VERSION = 1.0;
				PRODUCT_BUNDLE_IDENTIFIER = com..LLoydsTaskTests;
				PRODUCT_NAME = "$(TARGET_NAME)";
				SWIFT_EMIT_LOC_STRINGS = NO;
				SWIFT_VERSION = 5.0;
				TARGETED_DEVICE_FAMILY = "1,2";
				TEST_HOST = "$(BUILT_PRODUCTS_DIR)/LLoydsTask.app/$(BUNDLE_EXECUTABLE_FOLDER_PATH)/LLoydsTask";
			};
			name = Debug;
		};
		8484E8462CBEA75A004243F9 /* Release */ = {
			isa = XCBuildConfiguration;
			buildSettings = {
				ALWAYS_EMBED_SWIFT_STANDARD_LIBRARIES = YES;
				BUNDLE_LOADER = "$(TEST_HOST)";
				CODE_SIGN_STYLE = Automatic;
				CURRENT_PROJECT_VERSION = 1;
				GENERATE_INFOPLIST_FILE = YES;
				IPHONEOS_DEPLOYMENT_TARGET = 17.4;
				MARKETING_VERSION = 1.0;
				PRODUCT_BUNDLE_IDENTIFIER = com..LLoydsTaskTests;
				PRODUCT_NAME = "$(TARGET_NAME)";
				SWIFT_EMIT_LOC_STRINGS = NO;
				SWIFT_VERSION = 5.0;
				TARGETED_DEVICE_FAMILY = "1,2";
				TEST_HOST = "$(BUILT_PRODUCTS_DIR)/LLoydsTask.app/$(BUNDLE_EXECUTABLE_FOLDER_PATH)/LLoydsTask";
			};
			name = Release;
		};
		8484E8482CBEA75A004243F9 /* Debug */ = {
			isa = XCBuildConfiguration;
			buildSettings = {
				ALWAYS_EMBED_SWIFT_STANDARD_LIBRARIES = YES;
				CODE_SIGN_STYLE = Automatic;
				CURRENT_PROJECT_VERSION = 1;
				GENERATE_INFOPLIST_FILE = YES;
				MARKETING_VERSION = 1.0;
				PRODUCT_BUNDLE_IDENTIFIER = com..LLoydsTaskUITests;
				PRODUCT_NAME = "$(TARGET_NAME)";
				SWIFT_EMIT_LOC_STRINGS = NO;
				SWIFT_VERSION = 5.0;
				TARGETED_DEVICE_FAMILY = "1,2";
				TEST_TARGET_NAME = LLoydsTask;
			};
			name = Debug;
		};
		8484E8492CBEA75A004243F9 /* Release */ = {
			isa = XCBuildConfiguration;
			buildSettings = {
				ALWAYS_EMBED_SWIFT_STANDARD_LIBRARIES = YES;
				CODE_SIGN_STYLE = Automatic;
				CURRENT_PROJECT_VERSION = 1;
				GENERATE_INFOPLIST_FILE = YES;
				MARKETING_VERSION = 1.0;
				PRODUCT_BUNDLE_IDENTIFIER = com..LLoydsTaskUITests;
				PRODUCT_NAME = "$(TARGET_NAME)";
				SWIFT_EMIT_LOC_STRINGS = NO;
				SWIFT_VERSION = 5.0;
				TARGETED_DEVICE_FAMILY = "1,2";
				TEST_TARGET_NAME = LLoydsTask;
			};
			name = Release;
		};
/* End XCBuildConfiguration section */

/* Begin XCConfigurationList section */
		8484E8182CBEA758004243F9 /* Build configuration list for PBXProject "LLoydsTask" */ = {
			isa = XCConfigurationList;
			buildConfigurations = (
				8484E83F2CBEA75A004243F9 /* Debug */,
				8484E8402CBEA75A004243F9 /* Release */,
			);
			defaultConfigurationIsVisible = 0;
			defaultConfigurationName = Release;
		};
		8484E8412CBEA75A004243F9 /* Build configuration list for PBXNativeTarget "LLoydsTask" */ = {
			isa = XCConfigurationList;
			buildConfigurations = (
				8484E8422CBEA75A004243F9 /* Debug */,
				8484E8432CBEA75A004243F9 /* Release */,
			);
			defaultConfigurationIsVisible = 0;
			defaultConfigurationName = Release;
		};
		8484E8442CBEA75A004243F9 /* Build configuration list for PBXNativeTarget "LLoydsTaskTests" */ = {
			isa = XCConfigurationList;
			buildConfigurations = (
				8484E8452CBEA75A004243F9 /* Debug */,
				8484E8462CBEA75A004243F9 /* Release */,
			);
			defaultConfigurationIsVisible = 0;
			defaultConfigurationName = Release;
		};
		8484E8472CBEA75A004243F9 /* Build configuration list for PBXNativeTarget "LLoydsTaskUITests" */ = {
			isa = XCConfigurationList;
			buildConfigurations = (
				8484E8482CBEA75A004243F9 /* Debug */,
				8484E8492CBEA75A004243F9 /* Release */,
			);
			defaultConfigurationIsVisible = 0;
			defaultConfigurationName = Release;
		};
/* End XCConfigurationList section */
	};
	rootObject = 8484E8152CBEA758004243F9 /* Project object */;
}
